Microsoft Visual Studio Solution File, Format Version 12.00
# Visual Studio Version 17
VisualStudioVersion = 17.5.2.0
MinimumVisualStudioVersion = 10.0.40219.1
Project("{FAE04EC0-301F-11D3-BF4B-00C04F79EFBC}") = "FileDownloader", "FileDownloader.csproj", "{3D6028B3-038A-0993-3F6B-DFC95804BD44}"
EndProject
Global
	GlobalSection(SolutionConfigurationPlatforms) = preSolution
		Debug|Any CPU = Debug|Any CPU
		Release|Any CPU = Release|Any CPU
	EndGlobalSection
	GlobalSection(ProjectConfigurationPlatforms) = postSolution
		{3D6028B3-038A-0993-3F6B-DFC95804BD44}.Debug|Any CPU.ActiveCfg = Debug|Any CPU
		{3D6028B3-038A-0993-3F6B-DFC95804BD44}.Debug|Any CPU.Build.0 = Debug|Any CPU
		{3D6028B3-038A-0993-3F6B-DFC95804BD44}.Release|Any CPU.ActiveCfg = Release|Any CPU
		{3D6028B3-038A-0993-3F6B-DFC95804BD44}.Release|Any CPU.Build.0 = Release|Any CPU
	EndGlobalSection
	GlobalSection(SolutionProperties) = preSolution
		HideSolutionNode = FALSE
	EndGlobalSection
	GlobalSection(ExtensibilityGlobals) = postSolution
		SolutionGuid = {7371CE80-A01E-4CB2-82B4-A95BE0ACB6ED}
	EndGlobalSection
EndGlobal
